
Microsoft Visual Studio Solution File, Format Version 12.00
# Visual Studio Version 17
VisualStudioVersion = 17.5.002.0
MinimumVisualStudioVersion = 10.0.40219.1
Project("{9A19103F-16F7-4668-BE54-9A1E7A4F7556}") = "tl2-tp6-2024-franleccese11", "tl2-tp6-2024-franleccese11.csproj", "{8E0EB2C5-7CE0-493A-9859-A21D0C051657}"
EndProject
Global
	GlobalSection(SolutionConfigurationPlatforms) = preSolution
		Debug|Any CPU = Debug|Any CPU
		Release|Any CPU = Release|Any CPU
	EndGlobalSection
	GlobalSection(ProjectConfigurationPlatforms) = postSolution
		{8E0EB2C5-7CE0-493A-9859-A21D0C051657}.Debug|Any CPU.ActiveCfg = Debug|Any CPU
		{8E0EB2C5-7CE0-493A-9859-A21D0C051657}.Debug|Any CPU.Build.0 = Debug|Any CPU
		{8E0EB2C5-7CE0-493A-9859-A21D0C051657}.Release|Any CPU.ActiveCfg = Release|Any CPU
		{8E0EB2C5-7CE0-493A-9859-A21D0C051657}.Release|Any CPU.Build.0 = Release|Any CPU
	EndGlobalSection
	GlobalSection(SolutionProperties) = preSolution
		HideSolutionNode = FALSE
	EndGlobalSection
	GlobalSection(ExtensibilityGlobals) = postSolution
		SolutionGuid = {AF3D1940-CBEC-4D3A-9B62-6988A19360D4}
	EndGlobalSection
EndGlobal
